
Microsoft Visual Studio Solution File, Format Version 12.00
# Visual Studio Version 17
VisualStudioVersion = 17.11.35312.102
MinimumVisualStudioVersion = 10.0.40219.1
Project("{FAE04EC0-301F-11D3-BF4B-00C04F79EFBC}") = "ProyectoFinalCursoWeb", "ProyectoFinalCursoWeb\ProyectoFinalCursoWeb.csproj", "{7145D2A4-640C-4FB8-B5E5-27018CF74380}"
EndProject
Global
	GlobalSection(SolutionConfigurationPlatforms) = preSolution
		Debug|Any CPU = Debug|Any CPU
		Release|Any CPU = Release|Any CPU
	EndGlobalSection
	GlobalSection(ProjectConfigurationPlatforms) = postSolution
		{7145D2A4-640C-4FB8-B5E5-27018CF74380}.Debug|Any CPU.ActiveCfg = Debug|Any CPU
		{7145D2A4-640C-4FB8-B5E5-27018CF74380}.Debug|Any CPU.Build.0 = Debug|Any CPU
		{7145D2A4-640C-4FB8-B5E5-27018CF74380}.Release|Any CPU.ActiveCfg = Release|Any CPU
		{7145D2A4-640C-4FB8-B5E5-27018CF74380}.Release|Any CPU.Build.0 = Release|Any CPU
	EndGlobalSection
	GlobalSection(SolutionProperties) = preSolution
		HideSolutionNode = FALSE
	EndGlobalSection
	GlobalSection(ExtensibilityGlobals) = postSolution
		SolutionGuid = {1A8CBD23-9DD4-4FC7-9D3C-56E1DAFD8A38}
	EndGlobalSection
EndGlobal
